// !$*UTF8*$!
{
	archiveVersion = 1;
	classes = {
	};
	objectVersion = 77;
	objects = {

/* Begin PBXBuildFile section */
		2F2E341E2CE9C19600B647B7 /* SwiftUIIntrospect in Frameworks */ = {isa = PBXBuildFile; productRef = 2F2E341D2CE9C19600B647B7 /* SwiftUIIntrospect */; };
		2F2E34212CE9C1BB00B647B7 /* SwiftUIIntrospect in Frameworks */ = {isa = PBXBuildFile; productRef = 2F2E34202CE9C1BB00B647B7 /* SwiftUIIntrospect */; };
/* End PBXBuildFile section */

/* Begin PBXContainerItemProxy section */
		2F2E33F42CE9BBAA00B647B7 /* PBXContainerItemProxy */ = {
			isa = PBXContainerItemProxy;
			containerPortal = 2F7EBD332CE852C800591584 /* Project object */;
			proxyType = 1;
			remoteGlobalIDString = 2F2E33E12CE9BBA800B647B7;
			remoteInfo = "diaryapp-ios";
		};
		2F2E33FE2CE9BBAA00B647B7 /* PBXContainerItemProxy */ = {
			isa = PBXContainerItemProxy;
			containerPortal = 2F7EBD332CE852C800591584 /* Project object */;
			proxyType = 1;
			remoteGlobalIDString = 2F2E33E12CE9BBA800B647B7;
			remoteInfo = "diaryapp-ios";
		};
		2F7EBD4F2CE852CA00591584 /* PBXContainerItemProxy */ = {
			isa = PBXContainerItemProxy;
			containerPortal = 2F7EBD332CE852C800591584 /* Project object */;
			proxyType = 1;
			remoteGlobalIDString = 2F7EBD3A2CE852C800591584;
			remoteInfo = diaryapp;
		};
		2F7EBD592CE852CA00591584 /* PBXContainerItemProxy */ = {
			isa = PBXContainerItemProxy;
			containerPortal = 2F7EBD332CE852C800591584 /* Project object */;
			proxyType = 1;
			remoteGlobalIDString = 2F7EBD3A2CE852C800591584;
			remoteInfo = diaryapp;
		};
/* End PBXContainerItemProxy section */

/* Begin PBXFileReference section */
		2F2E33E22CE9BBA800B647B7 /* diaryapp-ios.app */ = {isa = PBXFileReference; explicitFileType = wrapper.application; includeInIndex = 0; path = "diaryapp-ios.app"; sourceTree = BUILT_PRODUCTS_DIR; };
		2F2E33F32CE9BBAA00B647B7 /* diaryapp-iosTests.xctest */ = {isa = PBXFileReference; explicitFileType = wrapper.cfbundle; includeInIndex = 0; path = "diaryapp-iosTests.xctest"; sourceTree = BUILT_PRODUCTS_DIR; };
		2F2E33FD2CE9BBAA00B647B7 /* diaryapp-iosUITests.xctest */ = {isa = PBXFileReference; explicitFileType = wrapper.cfbundle; includeInIndex = 0; path = "diaryapp-iosUITests.xctest"; sourceTree = BUILT_PRODUCTS_DIR; };
		2F7EBD3B2CE852C800591584 /* diaryapp.app */ = {isa = PBXFileReference; explicitFileType = wrapper.application; includeInIndex = 0; path = diaryapp.app; sourceTree = BUILT_PRODUCTS_DIR; };
		2F7EBD4E2CE852CA00591584 /* diaryappTests.xctest */ = {isa = PBXFileReference; explicitFileType = wrapper.cfbundle; includeInIndex = 0; path = diaryappTests.xctest; sourceTree = BUILT_PRODUCTS_DIR; };
		2F7EBD582CE852CA00591584 /* diaryappUITests.xctest */ = {isa = PBXFileReference; explicitFileType = wrapper.cfbundle; includeInIndex = 0; path = diaryappUITests.xctest; sourceTree = BUILT_PRODUCTS_DIR; };
/* End PBXFileReference section */

/* Begin PBXFileSystemSynchronizedRootGroup section */
		2F2E33E32CE9BBA800B647B7 /* diaryapp-ios */ = {
			isa = PBXFileSystemSynchronizedRootGroup;
			path = "diaryapp-ios";
			sourceTree = "<group>";
		};
		2F2E33F62CE9BBAA00B647B7 /* diaryapp-iosTests */ = {
			isa = PBXFileSystemSynchronizedRootGroup;
			path = "diaryapp-iosTests";
			sourceTree = "<group>";
		};
		2F2E34002CE9BBAA00B647B7 /* diaryapp-iosUITests */ = {
			isa = PBXFileSystemSynchronizedRootGroup;
			path = "diaryapp-iosUITests";
			sourceTree = "<group>";
		};
		2F2E34112CE9BD8300B647B7 /* diaryapp-common */ = {
			isa = PBXFileSystemSynchronizedRootGroup;
			path = "diaryapp-common";
			sourceTree = SOURCE_ROOT;
		};
		2F7EBD3D2CE852C800591584 /* diaryapp */ = {
			isa = PBXFileSystemSynchronizedRootGroup;
			path = diaryapp;
			sourceTree = "<group>";
		};
		2F7EBD512CE852CA00591584 /* diaryappTests */ = {
			isa = PBXFileSystemSynchronizedRootGroup;
			path = diaryappTests;
			sourceTree = "<group>";
		};
		2F7EBD5B2CE852CA00591584 /* diaryappUITests */ = {
			isa = PBXFileSystemSynchronizedRootGroup;
			path = diaryappUITests;
			sourceTree = "<group>";
		};
/* End PBXFileSystemSynchronizedRootGroup section */

/* Begin PBXFrameworksBuildPhase section */
		2F2E33DF2CE9BBA800B647B7 /* Frameworks */ = {
			isa = PBXFrameworksBuildPhase;
			buildActionMask = 2147483647;
			files = (
				2F2E341E2CE9C19600B647B7 /* SwiftUIIntrospect in Frameworks */,
			);
			runOnlyForDeploymentPostprocessing = 0;
		};
		2F2E33F02CE9BBAA00B647B7 /* Frameworks */ = {
			isa = PBXFrameworksBuildPhase;
			buildActionMask = 2147483647;
			files = (
			);
			runOnlyForDeploymentPostprocessing = 0;
		};
		2F2E33FA2CE9BBAA00B647B7 /* Frameworks */ = {
			isa = PBXFrameworksBuildPhase;
			buildActionMask = 2147483647;
			files = (
			);
			runOnlyForDeploymentPostprocessing = 0;
		};
		2F7EBD382CE852C800591584 /* Frameworks */ = {
			isa = PBXFrameworksBuildPhase;
			buildActionMask = 2147483647;
			files = (
				2F2E34212CE9C1BB00B647B7 /* SwiftUIIntrospect in Frameworks */,
			);
			runOnlyForDeploymentPostprocessing = 0;
		};
		2F7EBD4B2CE852CA00591584 /* Frameworks */ = {
			isa = PBXFrameworksBuildPhase;
			buildActionMask = 2147483647;
			files = (
			);
			runOnlyForDeploymentPostprocessing = 0;
		};
		2F7EBD552CE852CA00591584 /* Frameworks */ = {
			isa = PBXFrameworksBuildPhase;
			buildActionMask = 2147483647;
			files = (
			);
			runOnlyForDeploymentPostprocessing = 0;
		};
/* End PBXFrameworksBuildPhase section */

/* Begin PBXGroup section */
		2F2E341F2CE9C1BB00B647B7 /* Frameworks */ = {
			isa = PBXGroup;
			children = (
			);
			name = Frameworks;
			sourceTree = "<group>";
		};
		2F7EBD322CE852C800591584 = {
			isa = PBXGroup;
			children = (
				2F2E34112CE9BD8300B647B7 /* diaryapp-common */,
				2F7EBD3D2CE852C800591584 /* diaryapp */,
				2F7EBD512CE852CA00591584 /* diaryappTests */,
				2F7EBD5B2CE852CA00591584 /* diaryappUITests */,
				2F2E33E32CE9BBA800B647B7 /* diaryapp-ios */,
				2F2E33F62CE9BBAA00B647B7 /* diaryapp-iosTests */,
				2F2E34002CE9BBAA00B647B7 /* diaryapp-iosUITests */,
				2F2E341F2CE9C1BB00B647B7 /* Frameworks */,
				2F7EBD3C2CE852C800591584 /* Products */,
			);
			sourceTree = "<group>";
		};
		2F7EBD3C2CE852C800591584 /* Products */ = {
			isa = PBXGroup;
			children = (
				2F7EBD3B2CE852C800591584 /* diaryapp.app */,
				2F7EBD4E2CE852CA00591584 /* diaryappTests.xctest */,
				2F7EBD582CE852CA00591584 /* diaryappUITests.xctest */,
				2F2E33E22CE9BBA800B647B7 /* diaryapp-ios.app */,
				2F2E33F32CE9BBAA00B647B7 /* diaryapp-iosTests.xctest */,
				2F2E33FD2CE9BBAA00B647B7 /* diaryapp-iosUITests.xctest */,
			);
			name = Products;
			sourceTree = "<group>";
		};
/* End PBXGroup section */

/* Begin PBXNativeTarget section */
		2F2E33E12CE9BBA800B647B7 /* diaryapp-ios */ = {
			isa = PBXNativeTarget;
			buildConfigurationList = 2F2E34052CE9BBAA00B647B7 /* Build configuration list for PBXNativeTarget "diaryapp-ios" */;
			buildPhases = (
				2F2E33DE2CE9BBA800B647B7 /* Sources */,
				2F2E33DF2CE9BBA800B647B7 /* Frameworks */,
				2F2E33E02CE9BBA800B647B7 /* Resources */,
			);
			buildRules = (
			);
			dependencies = (
			);
			fileSystemSynchronizedGroups = (
				2F2E33E32CE9BBA800B647B7 /* diaryapp-ios */,
				2F2E34112CE9BD8300B647B7 /* diaryapp-common */,
			);
			name = "diaryapp-ios";
			packageProductDependencies = (
				2F2E341D2CE9C19600B647B7 /* SwiftUIIntrospect */,
			);
			productName = "diaryapp-ios";
			productReference = 2F2E33E22CE9BBA800B647B7 /* diaryapp-ios.app */;
			productType = "com.apple.product-type.application";
		};
		2F2E33F22CE9BBAA00B647B7 /* diaryapp-iosTests */ = {
			isa = PBXNativeTarget;
			buildConfigurationList = 2F2E34082CE9BBAA00B647B7 /* Build configuration list for PBXNativeTarget "diaryapp-iosTests" */;
			buildPhases = (
				2F2E33EF2CE9BBAA00B647B7 /* Sources */,
				2F2E33F02CE9BBAA00B647B7 /* Frameworks */,
				2F2E33F12CE9BBAA00B647B7 /* Resources */,
			);
			buildRules = (
			);
			dependencies = (
				2F2E33F52CE9BBAA00B647B7 /* PBXTargetDependency */,
			);
			fileSystemSynchronizedGroups = (
				2F2E33F62CE9BBAA00B647B7 /* diaryapp-iosTests */,
			);
			name = "diaryapp-iosTests";
			packageProductDependencies = (
			);
			productName = "diaryapp-iosTests";
			productReference = 2F2E33F32CE9BBAA00B647B7 /* diaryapp-iosTests.xctest */;
			productType = "com.apple.product-type.bundle.unit-test";
		};
		2F2E33FC2CE9BBAA00B647B7 /* diaryapp-iosUITests */ = {
			isa = PBXNativeTarget;
			buildConfigurationList = 2F2E340B2CE9BBAA00B647B7 /* Build configuration list for PBXNativeTarget "diaryapp-iosUITests" */;
			buildPhases = (
				2F2E33F92CE9BBAA00B647B7 /* Sources */,
				2F2E33FA2CE9BBAA00B647B7 /* Frameworks */,
				2F2E33FB2CE9BBAA00B647B7 /* Resources */,
			);
			buildRules = (
			);
			dependencies = (
				2F2E33FF2CE9BBAA00B647B7 /* PBXTargetDependency */,
			);
			fileSystemSynchronizedGroups = (
				2F2E34002CE9BBAA00B647B7 /* diaryapp-iosUITests */,
			);
			name = "diaryapp-iosUITests";
			packageProductDependencies = (
			);
			productName = "diaryapp-iosUITests";
			productReference = 2F2E33FD2CE9BBAA00B647B7 /* diaryapp-iosUITests.xctest */;
			productType = "com.apple.product-type.bundle.ui-testing";
		};
		2F7EBD3A2CE852C800591584 /* diaryapp */ = {
			isa = PBXNativeTarget;
			buildConfigurationList = 2F7EBD622CE852CA00591584 /* Build configuration list for PBXNativeTarget "diaryapp" */;
			buildPhases = (
				2F7EBD372CE852C800591584 /* Sources */,
				2F7EBD382CE852C800591584 /* Frameworks */,
				2F7EBD392CE852C800591584 /* Resources */,
			);
			buildRules = (
			);
			dependencies = (
			);
			fileSystemSynchronizedGroups = (
				2F2E34112CE9BD8300B647B7 /* diaryapp-common */,
				2F7EBD3D2CE852C800591584 /* diaryapp */,
			);
			name = diaryapp;
			packageProductDependencies = (
				2F2E34202CE9C1BB00B647B7 /* SwiftUIIntrospect */,
			);
			productName = diaryapp;
			productReference = 2F7EBD3B2CE852C800591584 /* diaryapp.app */;
			productType = "com.apple.product-type.application";
		};
		2F7EBD4D2CE852CA00591584 /* diaryappTests */ = {
			isa = PBXNativeTarget;
			buildConfigurationList = 2F7EBD652CE852CA00591584 /* Build configuration list for PBXNativeTarget "diaryappTests" */;
			buildPhases = (
				2F7EBD4A2CE852CA00591584 /* Sources */,
				2F7EBD4B2CE852CA00591584 /* Frameworks */,
				2F7EBD4C2CE852CA00591584 /* Resources */,
			);
			buildRules = (
			);
			dependencies = (
				2F7EBD502CE852CA00591584 /* PBXTargetDependency */,
			);
			fileSystemSynchronizedGroups = (
				2F7EBD512CE852CA00591584 /* diaryappTests */,
			);
			name = diaryappTests;
			packageProductDependencies = (
			);
			productName = diaryappTests;
			productReference = 2F7EBD4E2CE852CA00591584 /* diaryappTests.xctest */;
			productType = "com.apple.product-type.bundle.unit-test";
		};
		2F7EBD572CE852CA00591584 /* diaryappUITests */ = {
			isa = PBXNativeTarget;
			buildConfigurationList = 2F7EBD682CE852CA00591584 /* Build configuration list for PBXNativeTarget "diaryappUITests" */;
			buildPhases = (
				2F7EBD542CE852CA00591584 /* Sources */,
				2F7EBD552CE852CA00591584 /* Frameworks */,
				2F7EBD562CE852CA00591584 /* Resources */,
			);
			buildRules = (
			);
			dependencies = (
				2F7EBD5A2CE852CA00591584 /* PBXTargetDependency */,
			);
			fileSystemSynchronizedGroups = (
				2F7EBD5B2CE852CA00591584 /* diaryappUITests */,
			);
			name = diaryappUITests;
			packageProductDependencies = (
			);
			productName = diaryappUITests;
			productReference = 2F7EBD582CE852CA00591584 /* diaryappUITests.xctest */;
			productType = "com.apple.product-type.bundle.ui-testing";
		};
/* End PBXNativeTarget section */

/* Begin PBXProject section */
		2F7EBD332CE852C800591584 /* Project object */ = {
			isa = PBXProject;
			attributes = {
				BuildIndependentTargetsInParallel = 1;
				LastSwiftUpdateCheck = 1610;
				LastUpgradeCheck = 1610;
				TargetAttributes = {
					2F2E33E12CE9BBA800B647B7 = {
						CreatedOnToolsVersion = 16.1;
					};
					2F2E33F22CE9BBAA00B647B7 = {
						CreatedOnToolsVersion = 16.1;
						TestTargetID = 2F2E33E12CE9BBA800B647B7;
					};
					2F2E33FC2CE9BBAA00B647B7 = {
						CreatedOnToolsVersion = 16.1;
						TestTargetID = 2F2E33E12CE9BBA800B647B7;
					};
					2F7EBD3A2CE852C800591584 = {
						CreatedOnToolsVersion = 16.1;
					};
					2F7EBD4D2CE852CA00591584 = {
						CreatedOnToolsVersion = 16.1;
						TestTargetID = 2F7EBD3A2CE852C800591584;
					};
					2F7EBD572CE852CA00591584 = {
						CreatedOnToolsVersion = 16.1;
						TestTargetID = 2F7EBD3A2CE852C800591584;
					};
				};
			};
			buildConfigurationList = 2F7EBD362CE852C800591584 /* Build configuration list for PBXProject "diaryapp" */;
			developmentRegion = en;
			hasScannedForEncodings = 0;
			knownRegions = (
				en,
				Base,
			);
			mainGroup = 2F7EBD322CE852C800591584;
			minimizedProjectReferenceProxies = 1;
			packageReferences = (
				2F2E341C2CE9C19600B647B7 /* XCRemoteSwiftPackageReference "swiftui-introspect" */,
			);
			preferredProjectObjectVersion = 77;
			productRefGroup = 2F7EBD3C2CE852C800591584 /* Products */;
			projectDirPath = "";
			projectRoot = "";
			targets = (
				2F7EBD3A2CE852C800591584 /* diaryapp */,
				2F7EBD4D2CE852CA00591584 /* diaryappTests */,
				2F7EBD572CE852CA00591584 /* diaryappUITests */,
				2F2E33E12CE9BBA800B647B7 /* diaryapp-ios */,
				2F2E33F22CE9BBAA00B647B7 /* diaryapp-iosTests */,
				2F2E33FC2CE9BBAA00B647B7 /* diaryapp-iosUITests */,
			);
		};
/* End PBXProject section */

/* Begin PBXResourcesBuildPhase section */
		2F2E33E02CE9BBA800B647B7 /* Resources */ = {
			isa = PBXResourcesBuildPhase;
			buildActionMask = 2147483647;
			files = (
			);
			runOnlyForDeploymentPostprocessing = 0;
		};
		2F2E33F12CE9BBAA00B647B7 /* Resources */ = {
			isa = PBXResourcesBuildPhase;
			buildActionMask = 2147483647;
			files = (
			);
			runOnlyForDeploymentPostprocessing = 0;
		};
		2F2E33FB2CE9BBAA00B647B7 /* Resources */ = {
			isa = PBXResourcesBuildPhase;
			buildActionMask = 2147483647;
			files = (
			);
			runOnlyForDeploymentPostprocessing = 0;
		};
		2F7EBD392CE852C800591584 /* Resources */ = {
			isa = PBXResourcesBuildPhase;
			buildActionMask = 2147483647;
			files = (
			);
			runOnlyForDeploymentPostprocessing = 0;
		};
		2F7EBD4C2CE852CA00591584 /* Resources */ = {
			isa = PBXResourcesBuildPhase;
			buildActionMask = 2147483647;
			files = (
			);
			runOnlyForDeploymentPostprocessing = 0;
		};
		2F7EBD562CE852CA00591584 /* Resources */ = {
			isa = PBXResourcesBuildPhase;
			buildActionMask = 2147483647;
			files = (
			);
			runOnlyForDeploymentPostprocessing = 0;
		};
/* End PBXResourcesBuildPhase section */

/* Begin PBXSourcesBuildPhase section */
		2F2E33DE2CE9BBA800B647B7 /* Sources */ = {
			isa = PBXSourcesBuildPhase;
			buildActionMask = 2147483647;
			files = (
			);
			runOnlyForDeploymentPostprocessing = 0;
		};
		2F2E33EF2CE9BBAA00B647B7 /* Sources */ = {
			isa = PBXSourcesBuildPhase;
			buildActionMask = 2147483647;
			files = (
			);
			runOnlyForDeploymentPostprocessing = 0;
		};
		2F2E33F92CE9BBAA00B647B7 /* Sources */ = {
			isa = PBXSourcesBuildPhase;
			buildActionMask = 2147483647;
			files = (
			);
			runOnlyForDeploymentPostprocessing = 0;
		};
		2F7EBD372CE852C800591584 /* Sources */ = {
			isa = PBXSourcesBuildPhase;
			buildActionMask = 2147483647;
			files = (
			);
			runOnlyForDeploymentPostprocessing = 0;
		};
		2F7EBD4A2CE852CA00591584 /* Sources */ = {
			isa = PBXSourcesBuildPhase;
			buildActionMask = 2147483647;
			files = (
			);
			runOnlyForDeploymentPostprocessing = 0;
		};
		2F7EBD542CE852CA00591584 /* Sources */ = {
			isa = PBXSourcesBuildPhase;
			buildActionMask = 2147483647;
			files = (
			);
			runOnlyForDeploymentPostprocessing = 0;
		};
/* End PBXSourcesBuildPhase section */

/* Begin PBXTargetDependency section */
		2F2E33F52CE9BBAA00B647B7 /* PBXTargetDependency */ = {
			isa = PBXTargetDependency;
			target = 2F2E33E12CE9BBA800B647B7 /* diaryapp-ios */;
			targetProxy = 2F2E33F42CE9BBAA00B647B7 /* PBXContainerItemProxy */;
		};
		2F2E33FF2CE9BBAA00B647B7 /* PBXTargetDependency */ = {
			isa = PBXTargetDependency;
			target = 2F2E33E12CE9BBA800B647B7 /* diaryapp-ios */;
			targetProxy = 2F2E33FE2CE9BBAA00B647B7 /* PBXContainerItemProxy */;
		};
		2F7EBD502CE852CA00591584 /* PBXTargetDependency */ = {
			isa = PBXTargetDependency;
			target = 2F7EBD3A2CE852C800591584 /* diaryapp */;
			targetProxy = 2F7EBD4F2CE852CA00591584 /* PBXContainerItemProxy */;
		};
		2F7EBD5A2CE852CA00591584 /* PBXTargetDependency */ = {
			isa = PBXTargetDependency;
			target = 2F7EBD3A2CE852C800591584 /* diaryapp */;
			targetProxy = 2F7EBD592CE852CA00591584 /* PBXContainerItemProxy */;
		};
/* End PBXTargetDependency section */

/* Begin XCBuildConfiguration section */
		2F2E34062CE9BBAA00B647B7 /* Debug */ = {
			isa = XCBuildConfiguration;
			buildSettings = {
				ASSETCATALOG_COMPILER_APPICON_NAME = AppIcon;
				ASSETCATALOG_COMPILER_GLOBAL_ACCENT_COLOR_NAME = AccentColor;
				CODE_SIGN_STYLE = Automatic;
				CURRENT_PROJECT_VERSION = 1;
				DEVELOPMENT_ASSET_PATHS = "\"diaryapp-ios/Preview Content\"";
				DEVELOPMENT_TEAM = HT9ZXTP3Z4;
				ENABLE_PREVIEWS = YES;
				GENERATE_INFOPLIST_FILE = YES;
				INFOPLIST_KEY_UIApplicationSceneManifest_Generation = YES;
				INFOPLIST_KEY_UIApplicationSupportsIndirectInputEvents = YES;
				INFOPLIST_KEY_UILaunchScreen_Generation = YES;
				INFOPLIST_KEY_UISupportedInterfaceOrientations = "UIInterfaceOrientationLandscapeLeft UIInterfaceOrientationLandscapeRight UIInterfaceOrientationPortrait";
				INFOPLIST_KEY_UISupportedInterfaceOrientations_iPad = "UIInterfaceOrientationLandscapeLeft UIInterfaceOrientationLandscapeRight UIInterfaceOrientationPortrait UIInterfaceOrientationPortraitUpsideDown";
				IPHONEOS_DEPLOYMENT_TARGET = 18.1;
				LD_RUNPATH_SEARCH_PATHS = (
					"$(inherited)",
					"@executable_path/Frameworks",
				);
				MARKETING_VERSION = 1.0;
				PRODUCT_BUNDLE_IDENTIFIER = "jtpotato.diaryapp-ios";
				PRODUCT_NAME = "$(TARGET_NAME)";
				SDKROOT = iphoneos;
				SUPPORTED_PLATFORMS = "iphoneos iphonesimulator";
				SUPPORTS_MACCATALYST = NO;
				SUPPORTS_MAC_DESIGNED_FOR_IPHONE_IPAD = NO;
				SWIFT_EMIT_LOC_STRINGS = YES;
				SWIFT_VERSION = 5.0;
				TARGETED_DEVICE_FAMILY = "1,2";
			};
			name = Debug;
		};
		2F2E34072CE9BBAA00B647B7 /* Release */ = {
			isa = XCBuildConfiguration;
			buildSettings = {
				ASSETCATALOG_COMPILER_APPICON_NAME = AppIcon;
				ASSETCATALOG_COMPILER_GLOBAL_ACCENT_COLOR_NAME = AccentColor;
				CODE_SIGN_STYLE = Automatic;
				CURRENT_PROJECT_VERSION = 1;
				DEVELOPMENT_ASSET_PATHS = "\"diaryapp-ios/Preview Content\"";
				DEVELOPMENT_TEAM = HT9ZXTP3Z4;
				ENABLE_PREVIEWS = YES;
				GENERATE_INFOPLIST_FILE = YES;
				INFOPLIST_KEY_UIApplicationSceneManifest_Generation = YES;
				INFOPLIST_KEY_UIApplicationSupportsIndirectInputEvents = YES;
				INFOPLIST_KEY_UILaunchScreen_Generation = YES;
				INFOPLIST_KEY_UISupportedInterfaceOrientations = "UIInterfaceOrientationLandscapeLeft UIInterfaceOrientationLandscapeRight UIInterfaceOrientationPortrait";
				INFOPLIST_KEY_UISupportedInterfaceOrientations_iPad = "UIInterfaceOrientationLandscapeLeft UIInterfaceOrientationLandscapeRight UIInterfaceOrientationPortrait UIInterfaceOrientationPortraitUpsideDown";
				IPHONEOS_DEPLOYMENT_TARGET = 18.1;
				LD_RUNPATH_SEARCH_PATHS = (
					"$(inherited)",
					"@executable_path/Frameworks",
				);
				MARKETING_VERSION = 1.0;
				PRODUCT_BUNDLE_IDENTIFIER = "jtpotato.diaryapp-ios";
				PRODUCT_NAME = "$(TARGET_NAME)";
				SDKROOT = iphoneos;
				SUPPORTED_PLATFORMS = "iphoneos iphonesimulator";
				SUPPORTS_MACCATALYST = NO;
				SUPPORTS_MAC_DESIGNED_FOR_IPHONE_IPAD = NO;
				SWIFT_EMIT_LOC_STRINGS = YES;
				SWIFT_VERSION = 5.0;
				TARGETED_DEVICE_FAMILY = "1,2";
				VALIDATE_PRODUCT = YES;
			};
			name = Release;
		};
		2F2E34092CE9BBAA00B647B7 /* Debug */ = {
			isa = XCBuildConfiguration;
			buildSettings = {
				BUNDLE_LOADER = "$(TEST_HOST)";
				CODE_SIGN_STYLE = Automatic;
				CURRENT_PROJECT_VERSION = 1;
				DEVELOPMENT_TEAM = HT9ZXTP3Z4;
				GENERATE_INFOPLIST_FILE = YES;
				IPHONEOS_DEPLOYMENT_TARGET = 18.1;
				MARKETING_VERSION = 1.0;
				PRODUCT_BUNDLE_IDENTIFIER = "jtpotato.diaryapp-iosTests";
				PRODUCT_NAME = "$(TARGET_NAME)";
				SDKROOT = iphoneos;
				SWIFT_EMIT_LOC_STRINGS = NO;
				SWIFT_VERSION = 5.0;
				TARGETED_DEVICE_FAMILY = "1,2";
				TEST_HOST = "$(BUILT_PRODUCTS_DIR)/diaryapp-ios.app/$(BUNDLE_EXECUTABLE_FOLDER_PATH)/diaryapp-ios";
			};
			name = Debug;
		};
		2F2E340A2CE9BBAA00B647B7 /* Release */ = {
			isa = XCBuildConfiguration;
			buildSettings = {
				BUNDLE_LOADER = "$(TEST_HOST)";
				CODE_SIGN_STYLE = Automatic;
				CURRENT_PROJECT_VERSION = 1;
				DEVELOPMENT_TEAM = HT9ZXTP3Z4;
				GENERATE_INFOPLIST_FILE = YES;
				IPHONEOS_DEPLOYMENT_TARGET = 18.1;
				MARKETING_VERSION = 1.0;
				PRODUCT_BUNDLE_IDENTIFIER = "jtpotato.diaryapp-iosTests";
				PRODUCT_NAME = "$(TARGET_NAME)";
				SDKROOT = iphoneos;
				SWIFT_EMIT_LOC_STRINGS = NO;
				SWIFT_VERSION = 5.0;
				TARGETED_DEVICE_FAMILY = "1,2";
				TEST_HOST = "$(BUILT_PRODUCTS_DIR)/diaryapp-ios.app/$(BUNDLE_EXECUTABLE_FOLDER_PATH)/diaryapp-ios";
				VALIDATE_PRODUCT = YES;
			};
			name = Release;
		};
		2F2E340C2CE9BBAA00B647B7 /* Debug */ = {
			isa = XCBuildConfiguration;
			buildSettings = {
				CODE_SIGN_STYLE = Automatic;
				CURRENT_PROJECT_VERSION = 1;
				DEVELOPMENT_TEAM = HT9ZXTP3Z4;
				GENERATE_INFOPLIST_FILE = YES;
				IPHONEOS_DEPLOYMENT_TARGET = 18.1;
				MARKETING_VERSION = 1.0;
				PRODUCT_BUNDLE_IDENTIFIER = "jtpotato.diaryapp-iosUITests";
				PRODUCT_NAME = "$(TARGET_NAME)";
				SDKROOT = iphoneos;
				SWIFT_EMIT_LOC_STRINGS = NO;
				SWIFT_VERSION = 5.0;
				TARGETED_DEVICE_FAMILY = "1,2";
				TEST_TARGET_NAME = "diaryapp-ios";
			};
			name = Debug;
		};
		2F2E340D2CE9BBAA00B647B7 /* Release */ = {
			isa = XCBuildConfiguration;
			buildSettings = {
				CODE_SIGN_STYLE = Automatic;
				CURRENT_PROJECT_VERSION = 1;
				DEVELOPMENT_TEAM = HT9ZXTP3Z4;
				GENERATE_INFOPLIST_FILE = YES;
				IPHONEOS_DEPLOYMENT_TARGET = 18.1;
				MARKETING_VERSION = 1.0;
				PRODUCT_BUNDLE_IDENTIFIER = "jtpotato.diaryapp-iosUITests";
				PRODUCT_NAME = "$(TARGET_NAME)";
				SDKROOT = iphoneos;
				SWIFT_EMIT_LOC_STRINGS = NO;
				SWIFT_VERSION = 5.0;
				TARGETED_DEVICE_FAMILY = "1,2";
				TEST_TARGET_NAME = "diaryapp-ios";
				VALIDATE_PRODUCT = YES;
			};
			name = Release;
		};
		2F7EBD602CE852CA00591584 /* Debug */ = {
			isa = XCBuildConfiguration;
			buildSettings = {
				ALWAYS_SEARCH_USER_PATHS = NO;
				ASSETCATALOG_COMPILER_GENERATE_SWIFT_ASSET_SYMBOL_EXTENSIONS = YES;
				CLANG_ANALYZER_NONNULL = YES;
				CLANG_ANALYZER_NUMBER_OBJECT_CONVERSION = YES_AGGRESSIVE;
				CLANG_CXX_LANGUAGE_STANDARD = "gnu++20";
				CLANG_ENABLE_MODULES = YES;
				CLANG_ENABLE_OBJC_ARC = YES;
				CLANG_ENABLE_OBJC_WEAK = YES;
				CLANG_WARN_BLOCK_CAPTURE_AUTORELEASING = YES;
				CLANG_WARN_BOOL_CONVERSION = YES;
				CLANG_WARN_COMMA = YES;
				CLANG_WARN_CONSTANT_CONVERSION = YES;
				CLANG_WARN_DEPRECATED_OBJC_IMPLEMENTATIONS = YES;
				CLANG_WARN_DIRECT_OBJC_ISA_USAGE = YES_ERROR;
				CLANG_WARN_DOCUMENTATION_COMMENTS = YES;
				CLANG_WARN_EMPTY_BODY = YES;
				CLANG_WARN_ENUM_CONVERSION = YES;
				CLANG_WARN_INFINITE_RECURSION = YES;
				CLANG_WARN_INT_CONVERSION = YES;
				CLANG_WARN_NON_LITERAL_NULL_CONVERSION = YES;
				CLANG_WARN_OBJC_IMPLICIT_RETAIN_SELF = YES;
				CLANG_WARN_OBJC_LITERAL_CONVERSION = YES;
				CLANG_WARN_OBJC_ROOT_CLASS = YES_ERROR;
				CLANG_WARN_QUOTED_INCLUDE_IN_FRAMEWORK_HEADER = YES;
				CLANG_WARN_RANGE_LOOP_ANALYSIS = YES;
				CLANG_WARN_STRICT_PROTOTYPES = YES;
				CLANG_WARN_SUSPICIOUS_MOVE = YES;
				CLANG_WARN_UNGUARDED_AVAILABILITY = YES_AGGRESSIVE;
				CLANG_WARN_UNREACHABLE_CODE = YES;
				CLANG_WARN__DUPLICATE_METHOD_MATCH = YES;
				COPY_PHASE_STRIP = NO;
				DEBUG_INFORMATION_FORMAT = dwarf;
				ENABLE_STRICT_OBJC_MSGSEND = YES;
				ENABLE_TESTABILITY = YES;
				ENABLE_USER_SCRIPT_SANDBOXING = YES;
				GCC_C_LANGUAGE_STANDARD = gnu17;
				GCC_DYNAMIC_NO_PIC = NO;
				GCC_NO_COMMON_BLOCKS = YES;
				GCC_OPTIMIZATION_LEVEL = 0;
				GCC_PREPROCESSOR_DEFINITIONS = (
					"DEBUG=1",
					"$(inherited)",
				);
				GCC_WARN_64_TO_32_BIT_CONVERSION = YES;
				GCC_WARN_ABOUT_RETURN_TYPE = YES_ERROR;
				GCC_WARN_UNDECLARED_SELECTOR = YES;
				GCC_WARN_UNINITIALIZED_AUTOS = YES_AGGRESSIVE;
				GCC_WARN_UNUSED_FUNCTION = YES;
				GCC_WARN_UNUSED_VARIABLE = YES;
				LOCALIZATION_PREFERS_STRING_CATALOGS = YES;
				MACOSX_DEPLOYMENT_TARGET = 15.1;
				MTL_ENABLE_DEBUG_INFO = INCLUDE_SOURCE;
				MTL_FAST_MATH = YES;
				ONLY_ACTIVE_ARCH = YES;
				SDKROOT = macosx;
				SWIFT_ACTIVE_COMPILATION_CONDITIONS = "DEBUG $(inherited)";
				SWIFT_OPTIMIZATION_LEVEL = "-Onone";
			};
			name = Debug;
		};
		2F7EBD612CE852CA00591584 /* Release */ = {
			isa = XCBuildConfiguration;
			buildSettings = {
				ALWAYS_SEARCH_USER_PATHS = NO;
				ASSETCATALOG_COMPILER_GENERATE_SWIFT_ASSET_SYMBOL_EXTENSIONS = YES;
				CLANG_ANALYZER_NONNULL = YES;
				CLANG_ANALYZER_NUMBER_OBJECT_CONVERSION = YES_AGGRESSIVE;
				CLANG_CXX_LANGUAGE_STANDARD = "gnu++20";
				CLANG_ENABLE_MODULES = YES;
				CLANG_ENABLE_OBJC_ARC = YES;
				CLANG_ENABLE_OBJC_WEAK = YES;
				CLANG_WARN_BLOCK_CAPTURE_AUTORELEASING = YES;
				CLANG_WARN_BOOL_CONVERSION = YES;
				CLANG_WARN_COMMA = YES;
				CLANG_WARN_CONSTANT_CONVERSION = YES;
				CLANG_WARN_DEPRECATED_OBJC_IMPLEMENTATIONS = YES;
				CLANG_WARN_DIRECT_OBJC_ISA_USAGE = YES_ERROR;
				CLANG_WARN_DOCUMENTATION_COMMENTS = YES;
				CLANG_WARN_EMPTY_BODY = YES;
				CLANG_WARN_ENUM_CONVERSION = YES;
				CLANG_WARN_INFINITE_RECURSION = YES;
				CLANG_WARN_INT_CONVERSION = YES;
				CLANG_WARN_NON_LITERAL_NULL_CONVERSION = YES;
				CLANG_WARN_OBJC_IMPLICIT_RETAIN_SELF = YES;
				CLANG_WARN_OBJC_LITERAL_CONVERSION = YES;
				CLANG_WARN_OBJC_ROOT_CLASS = YES_ERROR;
				CLANG_WARN_QUOTED_INCLUDE_IN_FRAMEWORK_HEADER = YES;
				CLANG_WARN_RANGE_LOOP_ANALYSIS = YES;
				CLANG_WARN_STRICT_PROTOTYPES = YES;
				CLANG_WARN_SUSPICIOUS_MOVE = YES;
				CLANG_WARN_UNGUARDED_AVAILABILITY = YES_AGGRESSIVE;
				CLANG_WARN_UNREACHABLE_CODE = YES;
				CLANG_WARN__DUPLICATE_METHOD_MATCH = YES;
				COPY_PHASE_STRIP = NO;
				DEBUG_INFORMATION_FORMAT = "dwarf-with-dsym";
				ENABLE_NS_ASSERTIONS = NO;
				ENABLE_STRICT_OBJC_MSGSEND = YES;
				ENABLE_USER_SCRIPT_SANDBOXING = YES;
				GCC_C_LANGUAGE_STANDARD = gnu17;
				GCC_NO_COMMON_BLOCKS = YES;
				GCC_WARN_64_TO_32_BIT_CONVERSION = YES;
				GCC_WARN_ABOUT_RETURN_TYPE = YES_ERROR;
				GCC_WARN_UNDECLARED_SELECTOR = YES;
				GCC_WARN_UNINITIALIZED_AUTOS = YES_AGGRESSIVE;
				GCC_WARN_UNUSED_FUNCTION = YES;
				GCC_WARN_UNUSED_VARIABLE = YES;
				LOCALIZATION_PREFERS_STRING_CATALOGS = YES;
				MACOSX_DEPLOYMENT_TARGET = 15.1;
				MTL_ENABLE_DEBUG_INFO = NO;
				MTL_FAST_MATH = YES;
				SDKROOT = macosx;
				SWIFT_COMPILATION_MODE = wholemodule;
			};
			name = Release;
		};
		2F7EBD632CE852CA00591584 /* Debug */ = {
			isa = XCBuildConfiguration;
			buildSettings = {
				ASSETCATALOG_COMPILER_APPICON_NAME = AppIcon;
				ASSETCATALOG_COMPILER_GLOBAL_ACCENT_COLOR_NAME = AccentColor;
				CODE_SIGN_ENTITLEMENTS = diaryapp/diaryapp.entitlements;
				CODE_SIGN_STYLE = Automatic;
				COMBINE_HIDPI_IMAGES = YES;
				CURRENT_PROJECT_VERSION = 1;
				DEVELOPMENT_ASSET_PATHS = "\"diaryapp/Preview Content\"";
				DEVELOPMENT_TEAM = HT9ZXTP3Z4;
				ENABLE_HARDENED_RUNTIME = YES;
				ENABLE_PREVIEWS = YES;
				GENERATE_INFOPLIST_FILE = YES;
				INFOPLIST_KEY_LSApplicationCategoryType = "public.app-category.lifestyle";
				INFOPLIST_KEY_NSHumanReadableCopyright = "";
				INFOPLIST_KEY_UISupportedInterfaceOrientations = UIInterfaceOrientationPortrait;
				LD_RUNPATH_SEARCH_PATHS = (
					"$(inherited)",
					"@executable_path/../Frameworks",
				);
				MACOSX_DEPLOYMENT_TARGET = 14.0;
				MARKETING_VERSION = 1.0;
				PRODUCT_BUNDLE_IDENTIFIER = jtpotato.diaryapp;
				PRODUCT_NAME = "$(TARGET_NAME)";
				SUPPORTED_PLATFORMS = macosx;
				SUPPORTS_MACCATALYST = NO;
				SWIFT_EMIT_LOC_STRINGS = YES;
				SWIFT_VERSION = 5.0;
			};
			name = Debug;
		};
		2F7EBD642CE852CA00591584 /* Release */ = {
			isa = XCBuildConfiguration;
			buildSettings = {
				ASSETCATALOG_COMPILER_APPICON_NAME = AppIcon;
				ASSETCATALOG_COMPILER_GLOBAL_ACCENT_COLOR_NAME = AccentColor;
				CODE_SIGN_ENTITLEMENTS = diaryapp/diaryapp.entitlements;
				CODE_SIGN_STYLE = Automatic;
				COMBINE_HIDPI_IMAGES = YES;
				CURRENT_PROJECT_VERSION = 1;
				DEVELOPMENT_ASSET_PATHS = "\"diaryapp/Preview Content\"";
				DEVELOPMENT_TEAM = HT9ZXTP3Z4;
				ENABLE_HARDENED_RUNTIME = YES;
				ENABLE_PREVIEWS = YES;
				GENERATE_INFOPLIST_FILE = YES;
				INFOPLIST_KEY_LSApplicationCategoryType = "public.app-category.lifestyle";
				INFOPLIST_KEY_NSHumanReadableCopyright = "";
				INFOPLIST_KEY_UISupportedInterfaceOrientations = UIInterfaceOrientationPortrait;
				LD_RUNPATH_SEARCH_PATHS = (
					"$(inherited)",
					"@executable_path/../Frameworks",
				);
				MACOSX_DEPLOYMENT_TARGET = 14.0;
				MARKETING_VERSION = 1.0;
				PRODUCT_BUNDLE_IDENTIFIER = jtpotato.diaryapp;
				PRODUCT_NAME = "$(TARGET_NAME)";
				SUPPORTED_PLATFORMS = macosx;
				SUPPORTS_MACCATALYST = NO;
				SWIFT_EMIT_LOC_STRINGS = YES;
				SWIFT_VERSION = 5.0;
			};
			name = Release;
		};
		2F7EBD662CE852CA00591584 /* Debug */ = {
			isa = XCBuildConfiguration;
			buildSettings = {
				BUNDLE_LOADER = "$(TEST_HOST)";
				CODE_SIGN_STYLE = Automatic;
				CURRENT_PROJECT_VERSION = 1;
				DEVELOPMENT_TEAM = HT9ZXTP3Z4;
				GENERATE_INFOPLIST_FILE = YES;
				MACOSX_DEPLOYMENT_TARGET = 14.0;
				MARKETING_VERSION = 1.0;
				PRODUCT_BUNDLE_IDENTIFIER = jtpotato.diaryappTests;
				PRODUCT_NAME = "$(TARGET_NAME)";
				SWIFT_EMIT_LOC_STRINGS = NO;
				SWIFT_VERSION = 5.0;
				TEST_HOST = "$(BUILT_PRODUCTS_DIR)/diaryapp.app/$(BUNDLE_EXECUTABLE_FOLDER_PATH)/diaryapp";
			};
			name = Debug;
		};
		2F7EBD672CE852CA00591584 /* Release */ = {
			isa = XCBuildConfiguration;
			buildSettings = {
				BUNDLE_LOADER = "$(TEST_HOST)";
				CODE_SIGN_STYLE = Automatic;
				CURRENT_PROJECT_VERSION = 1;
				DEVELOPMENT_TEAM = HT9ZXTP3Z4;
				GENERATE_INFOPLIST_FILE = YES;
				MACOSX_DEPLOYMENT_TARGET = 14.0;
				MARKETING_VERSION = 1.0;
				PRODUCT_BUNDLE_IDENTIFIER = jtpotato.diaryappTests;
				PRODUCT_NAME = "$(TARGET_NAME)";
				SWIFT_EMIT_LOC_STRINGS = NO;
				SWIFT_VERSION = 5.0;
				TEST_HOST = "$(BUILT_PRODUCTS_DIR)/diaryapp.app/$(BUNDLE_EXECUTABLE_FOLDER_PATH)/diaryapp";
			};
			name = Release;
		};
		2F7EBD692CE852CA00591584 /* Debug */ = {
			isa = XCBuildConfiguration;
			buildSettings = {
				CODE_SIGN_STYLE = Automatic;
				CURRENT_PROJECT_VERSION = 1;
				DEVELOPMENT_TEAM = HT9ZXTP3Z4;
				GENERATE_INFOPLIST_FILE = YES;
				MARKETING_VERSION = 1.0;
				PRODUCT_BUNDLE_IDENTIFIER = jtpotato.diaryappUITests;
				PRODUCT_NAME = "$(TARGET_NAME)";
				SWIFT_EMIT_LOC_STRINGS = NO;
				SWIFT_VERSION = 5.0;
				TEST_TARGET_NAME = diaryapp;
			};
			name = Debug;
		};
		2F7EBD6A2CE852CA00591584 /* Release */ = {
			isa = XCBuildConfiguration;
			buildSettings = {
				CODE_SIGN_STYLE = Automatic;
				CURRENT_PROJECT_VERSION = 1;
				DEVELOPMENT_TEAM = HT9ZXTP3Z4;
				GENERATE_INFOPLIST_FILE = YES;
				MARKETING_VERSION = 1.0;
				PRODUCT_BUNDLE_IDENTIFIER = jtpotato.diaryappUITests;
				PRODUCT_NAME = "$(TARGET_NAME)";
				SWIFT_EMIT_LOC_STRINGS = NO;
				SWIFT_VERSION = 5.0;
				TEST_TARGET_NAME = diaryapp;
			};
			name = Release;
		};
/* End XCBuildConfiguration section */

/* Begin XCConfigurationList section */
		2F2E34052CE9BBAA00B647B7 /* Build configuration list for PBXNativeTarget "diaryapp-ios" */ = {
			isa = XCConfigurationList;
			buildConfigurations = (
				2F2E34062CE9BBAA00B647B7 /* Debug */,
				2F2E34072CE9BBAA00B647B7 /* Release */,
			);
			defaultConfigurationIsVisible = 0;
			defaultConfigurationName = Release;
		};
		2F2E34082CE9BBAA00B647B7 /* Build configuration list for PBXNativeTarget "diaryapp-iosTests" */ = {
			isa = XCConfigurationList;
			buildConfigurations = (
				2F2E34092CE9BBAA00B647B7 /* Debug */,
				2F2E340A2CE9BBAA00B647B7 /* Release */,
			);
			defaultConfigurationIsVisible = 0;
			defaultConfigurationName = Release;
		};
		2F2E340B2CE9BBAA00B647B7 /* Build configuration list for PBXNativeTarget "diaryapp-iosUITests" */ = {
			isa = XCConfigurationList;
			buildConfigurations = (
				2F2E340C2CE9BBAA00B647B7 /* Debug */,
				2F2E340D2CE9BBAA00B647B7 /* Release */,
			);
			defaultConfigurationIsVisible = 0;
			defaultConfigurationName = Release;
		};
		2F7EBD362CE852C800591584 /* Build configuration list for PBXProject "diaryapp" */ = {
			isa = XCConfigurationList;
			buildConfigurations = (
				2F7EBD602CE852CA00591584 /* Debug */,
				2F7EBD612CE852CA00591584 /* Release */,
			);
			defaultConfigurationIsVisible = 0;
			defaultConfigurationName = Release;
		};
		2F7EBD622CE852CA00591584 /* Build configuration list for PBXNativeTarget "diaryapp" */ = {
			isa = XCConfigurationList;
			buildConfigurations = (
				2F7EBD632CE852CA00591584 /* Debug */,
				2F7EBD642CE852CA00591584 /* Release */,
			);
			defaultConfigurationIsVisible = 0;
			defaultConfigurationName = Release;
		};
		2F7EBD652CE852CA00591584 /* Build configuration list for PBXNativeTarget "diaryappTests" */ = {
			isa = XCConfigurationList;
			buildConfigurations = (
				2F7EBD662CE852CA00591584 /* Debug */,
				2F7EBD672CE852CA00591584 /* Release */,
			);
			defaultConfigurationIsVisible = 0;
			defaultConfigurationName = Release;
		};
		2F7EBD682CE852CA00591584 /* Build configuration list for PBXNativeTarget "diaryappUITests" */ = {
			isa = XCConfigurationList;
			buildConfigurations = (
				2F7EBD692CE852CA00591584 /* Debug */,
				2F7EBD6A2CE852CA00591584 /* Release */,
			);
			defaultConfigurationIsVisible = 0;
			defaultConfigurationName = Release;
		};
/* End XCConfigurationList section */

/* Begin XCRemoteSwiftPackageReference section */
		2F2E341C2CE9C19600B647B7 /* XCRemoteSwiftPackageReference "swiftui-introspect" */ = {
			isa = XCRemoteSwiftPackageReference;
			repositoryURL = "https://github.com/siteline/swiftui-introspect";
			requirement = {
				kind = upToNextMajorVersion;
				minimumVersion = 1.3.0;
			};
		};
/* End XCRemoteSwiftPackageReference section */

/* Begin XCSwiftPackageProductDependency section */
		2F2E341D2CE9C19600B647B7 /* SwiftUIIntrospect */ = {
			isa = XCSwiftPackageProductDependency;
			package = 2F2E341C2CE9C19600B647B7 /* XCRemoteSwiftPackageReference "swiftui-introspect" */;
			productName = SwiftUIIntrospect;
		};
		2F2E34202CE9C1BB00B647B7 /* SwiftUIIntrospect */ = {
			isa = XCSwiftPackageProductDependency;
			package = 2F2E341C2CE9C19600B647B7 /* XCRemoteSwiftPackageReference "swiftui-introspect" */;
			productName = SwiftUIIntrospect;
		};
/* End XCSwiftPackageProductDependency section */
	};
	rootObject = 2F7EBD332CE852C800591584 /* Project object */;
}
